
Microsoft Visual Studio Solution File, Format Version 12.00
Project("{2150E333-8FDC-42A3-9474-1A3956D46DE8}") = "Core", "Core", "{1163947C-D0AE-436D-8A5A-D3C58313A6B7}"
EndProject
Project("{FAE04EC0-301F-11D3-BF4B-00C04F79EFBC}") = "Domain", "Domain\Domain.csproj", "{AC6E8CE1-B427-471E-883F-D6977B170991}"
EndProject
Project("{2150E333-8FDC-42A3-9474-1A3956D46DE8}") = "Tests", "Tests", "{400D9734-2B6D-49A1-A39D-02B45FDD7684}"
EndProject
Project("{2150E333-8FDC-42A3-9474-1A3956D46DE8}") = "Consumer", "Consumer", "{232ECCCC-B45A-46D5-80BD-D8E8516991D7}"
EndProject
Project("{FAE04EC0-301F-11D3-BF4B-00C04F79EFBC}") = "WebApi", "WebApi\WebApi.csproj", "{116D3C69-1EE4-4CD8-82B3-4D5AFF5788CF}"
EndProject
Project("{2150E333-8FDC-42A3-9474-1A3956D46DE8}") = "Infrastructure", "Infrastructure", "{4D24B27F-EFD9-4988-B613-99C1333A9854}"
EndProject
Project("{FAE04EC0-301F-11D3-BF4B-00C04F79EFBC}") = "Persistence", "Persistence\Persistence.csproj", "{AEB48D72-BEDB-4A42-B616-ADE7FA0248C2}"
EndProject
Project("{FAE04EC0-301F-11D3-BF4B-00C04F79EFBC}") = "Application", "Application\Application.csproj", "{06CF271A-FF3E-4713-80BC-57CD90FA3ECF}"
EndProject
Global
	GlobalSection(SolutionConfigurationPlatforms) = preSolution
		Debug|Any CPU = Debug|Any CPU
		Release|Any CPU = Release|Any CPU
	EndGlobalSection
	GlobalSection(NestedProjects) = preSolution
		{AC6E8CE1-B427-471E-883F-D6977B170991} = {1163947C-D0AE-436D-8A5A-D3C58313A6B7}
		{116D3C69-1EE4-4CD8-82B3-4D5AFF5788CF} = {232ECCCC-B45A-46D5-80BD-D8E8516991D7}
		{AEB48D72-BEDB-4A42-B616-ADE7FA0248C2} = {4D24B27F-EFD9-4988-B613-99C1333A9854}
		{06CF271A-FF3E-4713-80BC-57CD90FA3ECF} = {1163947C-D0AE-436D-8A5A-D3C58313A6B7}
	EndGlobalSection
	GlobalSection(ProjectConfigurationPlatforms) = postSolution
		{AC6E8CE1-B427-471E-883F-D6977B170991}.Debug|Any CPU.ActiveCfg = Debug|Any CPU
		{AC6E8CE1-B427-471E-883F-D6977B170991}.Debug|Any CPU.Build.0 = Debug|Any CPU
		{AC6E8CE1-B427-471E-883F-D6977B170991}.Release|Any CPU.ActiveCfg = Release|Any CPU
		{AC6E8CE1-B427-471E-883F-D6977B170991}.Release|Any CPU.Build.0 = Release|Any CPU
		{116D3C69-1EE4-4CD8-82B3-4D5AFF5788CF}.Debug|Any CPU.ActiveCfg = Debug|Any CPU
		{116D3C69-1EE4-4CD8-82B3-4D5AFF5788CF}.Debug|Any CPU.Build.0 = Debug|Any CPU
		{116D3C69-1EE4-4CD8-82B3-4D5AFF5788CF}.Release|Any CPU.ActiveCfg = Release|Any CPU
		{116D3C69-1EE4-4CD8-82B3-4D5AFF5788CF}.Release|Any CPU.Build.0 = Release|Any CPU
		{AEB48D72-BEDB-4A42-B616-ADE7FA0248C2}.Debug|Any CPU.ActiveCfg = Debug|Any CPU
		{AEB48D72-BEDB-4A42-B616-ADE7FA0248C2}.Debug|Any CPU.Build.0 = Debug|Any CPU
		{AEB48D72-BEDB-4A42-B616-ADE7FA0248C2}.Release|Any CPU.ActiveCfg = Release|Any CPU
		{AEB48D72-BEDB-4A42-B616-ADE7FA0248C2}.Release|Any CPU.Build.0 = Release|Any CPU
		{06CF271A-FF3E-4713-80BC-57CD90FA3ECF}.Debug|Any CPU.ActiveCfg = Debug|Any CPU
		{06CF271A-FF3E-4713-80BC-57CD90FA3ECF}.Debug|Any CPU.Build.0 = Debug|Any CPU
		{06CF271A-FF3E-4713-80BC-57CD90FA3ECF}.Release|Any CPU.ActiveCfg = Release|Any CPU
		{06CF271A-FF3E-4713-80BC-57CD90FA3ECF}.Release|Any CPU.Build.0 = Release|Any CPU
	EndGlobalSection
EndGlobal
